
Microsoft Visual Studio Solution File, Format Version 12.00
# Visual Studio Version 16
VisualStudioVersion = 16.0.30517.126
MinimumVisualStudioVersion = 10.0.40219.1
Project("{FAE04EC0-301F-11D3-BF4B-00C04F79EFBC}") = "QandA", "QandA.csproj", "{8F0C8570-8F37-4A76-8195-CC5BC7CA441A}"
EndProject
Global
	GlobalSection(SolutionConfigurationPlatforms) = preSolution
		Debug|Any CPU = Debug|Any CPU
		Release|Any CPU = Release|Any CPU
	EndGlobalSection
	GlobalSection(ProjectConfigurationPlatforms) = postSolution
		{8F0C8570-8F37-4A76-8195-CC5BC7CA441A}.Debug|Any CPU.ActiveCfg = Debug|Any CPU
		{8F0C8570-8F37-4A76-8195-CC5BC7CA441A}.Debug|Any CPU.Build.0 = Debug|Any CPU
		{8F0C8570-8F37-4A76-8195-CC5BC7CA441A}.Release|Any CPU.ActiveCfg = Release|Any CPU
		{8F0C8570-8F37-4A76-8195-CC5BC7CA441A}.Release|Any CPU.Build.0 = Release|Any CPU
	EndGlobalSection
	GlobalSection(SolutionProperties) = preSolution
		HideSolutionNode = FALSE
	EndGlobalSection
	GlobalSection(ExtensibilityGlobals) = postSolution
		SolutionGuid = {0F23CD53-DD60-4488-81F1-2226E60B1FA3}
	EndGlobalSection
EndGlobal
